
Microsoft Visual Studio Solution File, Format Version 12.00
# Visual Studio 14
VisualStudioVersion = 14.0.25123.0
MinimumVisualStudioVersion = 10.0.40219.1
Project("{2150E333-8FDC-42A3-9474-1A3956D46DE8}") = "src", "src", "{6D74D38B-C50F-4066-9CB8-010A43837893}"
EndProject
Project("{2150E333-8FDC-42A3-9474-1A3956D46DE8}") = "Solution Items", "Solution Items", "{C31AC14B-1C30-46AA-9475-90172FA2071D}"
	ProjectSection(SolutionItems) = preProject
		global.json = global.json
	EndProjectSection
EndProject
Project("{8BB2217D-0F2D-49D1-97BC-3654ED321F3B}") = "PaginaPerfil_V1_net_4_6", "src\PaginaPerfil_V1_net_4_6\PaginaPerfil_V1_net_4_6.xproj", "{8DE1B1C0-016D-4F3E-9027-3E5FB1A75159}"
EndProject
Global
	GlobalSection(SolutionConfigurationPlatforms) = preSolution
		Debug|Any CPU = Debug|Any CPU
		Release|Any CPU = Release|Any CPU
	EndGlobalSection
	GlobalSection(ProjectConfigurationPlatforms) = postSolution
		{8DE1B1C0-016D-4F3E-9027-3E5FB1A75159}.Debug|Any CPU.ActiveCfg = Debug|Any CPU
		{8DE1B1C0-016D-4F3E-9027-3E5FB1A75159}.Debug|Any CPU.Build.0 = Debug|Any CPU
		{8DE1B1C0-016D-4F3E-9027-3E5FB1A75159}.Release|Any CPU.ActiveCfg = Release|Any CPU
		{8DE1B1C0-016D-4F3E-9027-3E5FB1A75159}.Release|Any CPU.Build.0 = Release|Any CPU
	EndGlobalSection
	GlobalSection(SolutionProperties) = preSolution
		HideSolutionNode = FALSE
	EndGlobalSection
	GlobalSection(NestedProjects) = preSolution
		{8DE1B1C0-016D-4F3E-9027-3E5FB1A75159} = {6D74D38B-C50F-4066-9CB8-010A43837893}
	EndGlobalSection
EndGlobal
